
Microsoft Visual Studio Solution File, Format Version 12.00
# Visual Studio Version 16
VisualStudioVersion = 16.0.31321.278
MinimumVisualStudioVersion = 10.0.40219.1
Project("{9A19103F-16F7-4668-BE54-9A1E7A4F7556}") = "APIGateway", "APIGateway\APIGateway.csproj", "{06E31B12-C4B6-4104-AA10-88168A29615B}"
EndProject
Project("{2150E333-8FDC-42A3-9474-1A3956D46DE8}") = "Services", "Services", "{DF53151C-4E89-4962-8034-D43F414CA90A}"
EndProject
Project("{9A19103F-16F7-4668-BE54-9A1E7A4F7556}") = "Contact.API", "Services\ContactAPI\Contact.API\Contact.API.csproj", "{7A6B5910-3314-4955-9ADF-6E82CD991142}"
EndProject
Project("{2150E333-8FDC-42A3-9474-1A3956D46DE8}") = "ContactAPI", "ContactAPI", "{D1DD1302-C215-43A7-80B8-49DD5E4F93E4}"
EndProject
Project("{2150E333-8FDC-42A3-9474-1A3956D46DE8}") = "ReservationAPI", "ReservationAPI", "{7A648DE6-BE32-45AA-963B-3DE258EB3E46}"
EndProject
Project("{9A19103F-16F7-4668-BE54-9A1E7A4F7556}") = "Contact.API.Infrastructure", "Services\ContactAPI\Contact.API.Infrastructure\Contact.API.Infrastructure.csproj", "{47DE8D1B-14B6-451B-AD61-96F5FA987705}"
EndProject
Project("{9A19103F-16F7-4668-BE54-9A1E7A4F7556}") = "Contact.API.Models", "Services\ContactAPI\Contact.API.Models\Contact.API.Models.csproj", "{447E2A63-2D6B-4BC4-A13F-CA84F587AAEC}"
EndProject
Project("{9A19103F-16F7-4668-BE54-9A1E7A4F7556}") = "Contact.API.Services", "Services\ContactAPI\Contact.API.Services\Contact.API.Services.csproj", "{DF9D011B-6E5B-45A0-846F-BD2C417DEE20}"
EndProject
Project("{9A19103F-16F7-4668-BE54-9A1E7A4F7556}") = "Reservation.API.Infrastructure", "Services\ResAPI\Reservation.API.Infrastructure\Reservation.API.Infrastructure.csproj", "{F6CF858C-F205-449E-9504-6483204BF185}"
EndProject
Project("{9A19103F-16F7-4668-BE54-9A1E7A4F7556}") = "Reservation.API", "Services\ResAPI\Reservation.API\Reservation.API.csproj", "{0EA3E209-5608-408B-A33A-1C3F9D4ABD5A}"
EndProject
Project("{9A19103F-16F7-4668-BE54-9A1E7A4F7556}") = "Reservation.API.Services", "Services\ResAPI\Reservation.API.Services\Reservation.API.Services.csproj", "{C3C84D68-3C61-405A-8A52-CA8D943A65F5}"
EndProject
Project("{9A19103F-16F7-4668-BE54-9A1E7A4F7556}") = "Reservation.API.Models", "Services\ResAPI\Reservation.API.Models\Reservation.API.Models.csproj", "{76F19C11-1BD6-4E96-BAC7-EE0F94668C75}"
EndProject
Project("{2150E333-8FDC-42A3-9474-1A3956D46DE8}") = "Solution Items", "Solution Items", "{B712E9A7-B03F-48B6-8926-A5A9D8455415}"
	ProjectSection(SolutionItems) = preProject
		docker-compose.yml = docker-compose.yml
	EndProjectSection
EndProject
Global
	GlobalSection(SolutionConfigurationPlatforms) = preSolution
		Debug|Any CPU = Debug|Any CPU
		Release|Any CPU = Release|Any CPU
	EndGlobalSection
	GlobalSection(ProjectConfigurationPlatforms) = postSolution
		{06E31B12-C4B6-4104-AA10-88168A29615B}.Debug|Any CPU.ActiveCfg = Debug|Any CPU
		{06E31B12-C4B6-4104-AA10-88168A29615B}.Debug|Any CPU.Build.0 = Debug|Any CPU
		{06E31B12-C4B6-4104-AA10-88168A29615B}.Release|Any CPU.ActiveCfg = Release|Any CPU
		{06E31B12-C4B6-4104-AA10-88168A29615B}.Release|Any CPU.Build.0 = Release|Any CPU
		{7A6B5910-3314-4955-9ADF-6E82CD991142}.Debug|Any CPU.ActiveCfg = Debug|Any CPU
		{7A6B5910-3314-4955-9ADF-6E82CD991142}.Debug|Any CPU.Build.0 = Debug|Any CPU
		{7A6B5910-3314-4955-9ADF-6E82CD991142}.Release|Any CPU.ActiveCfg = Release|Any CPU
		{7A6B5910-3314-4955-9ADF-6E82CD991142}.Release|Any CPU.Build.0 = Release|Any CPU
		{47DE8D1B-14B6-451B-AD61-96F5FA987705}.Debug|Any CPU.ActiveCfg = Debug|Any CPU
		{47DE8D1B-14B6-451B-AD61-96F5FA987705}.Debug|Any CPU.Build.0 = Debug|Any CPU
		{47DE8D1B-14B6-451B-AD61-96F5FA987705}.Release|Any CPU.ActiveCfg = Release|Any CPU
		{47DE8D1B-14B6-451B-AD61-96F5FA987705}.Release|Any CPU.Build.0 = Release|Any CPU
		{447E2A63-2D6B-4BC4-A13F-CA84F587AAEC}.Debug|Any CPU.ActiveCfg = Debug|Any CPU
		{447E2A63-2D6B-4BC4-A13F-CA84F587AAEC}.Debug|Any CPU.Build.0 = Debug|Any CPU
		{447E2A63-2D6B-4BC4-A13F-CA84F587AAEC}.Release|Any CPU.ActiveCfg = Release|Any CPU
		{447E2A63-2D6B-4BC4-A13F-CA84F587AAEC}.Release|Any CPU.Build.0 = Release|Any CPU
		{DF9D011B-6E5B-45A0-846F-BD2C417DEE20}.Debug|Any CPU.ActiveCfg = Debug|Any CPU
		{DF9D011B-6E5B-45A0-846F-BD2C417DEE20}.Debug|Any CPU.Build.0 = Debug|Any CPU
		{DF9D011B-6E5B-45A0-846F-BD2C417DEE20}.Release|Any CPU.ActiveCfg = Release|Any CPU
		{DF9D011B-6E5B-45A0-846F-BD2C417DEE20}.Release|Any CPU.Build.0 = Release|Any CPU
		{F6CF858C-F205-449E-9504-6483204BF185}.Debug|Any CPU.ActiveCfg = Debug|Any CPU
		{F6CF858C-F205-449E-9504-6483204BF185}.Debug|Any CPU.Build.0 = Debug|Any CPU
		{F6CF858C-F205-449E-9504-6483204BF185}.Release|Any CPU.ActiveCfg = Release|Any CPU
		{F6CF858C-F205-449E-9504-6483204BF185}.Release|Any CPU.Build.0 = Release|Any CPU
		{0EA3E209-5608-408B-A33A-1C3F9D4ABD5A}.Debug|Any CPU.ActiveCfg = Debug|Any CPU
		{0EA3E209-5608-408B-A33A-1C3F9D4ABD5A}.Debug|Any CPU.Build.0 = Debug|Any CPU
		{0EA3E209-5608-408B-A33A-1C3F9D4ABD5A}.Release|Any CPU.ActiveCfg = Release|Any CPU
		{0EA3E209-5608-408B-A33A-1C3F9D4ABD5A}.Release|Any CPU.Build.0 = Release|Any CPU
		{C3C84D68-3C61-405A-8A52-CA8D943A65F5}.Debug|Any CPU.ActiveCfg = Debug|Any CPU
		{C3C84D68-3C61-405A-8A52-CA8D943A65F5}.Debug|Any CPU.Build.0 = Debug|Any CPU
		{C3C84D68-3C61-405A-8A52-CA8D943A65F5}.Release|Any CPU.ActiveCfg = Release|Any CPU
		{C3C84D68-3C61-405A-8A52-CA8D943A65F5}.Release|Any CPU.Build.0 = Release|Any CPU
		{76F19C11-1BD6-4E96-BAC7-EE0F94668C75}.Debug|Any CPU.ActiveCfg = Debug|Any CPU
		{76F19C11-1BD6-4E96-BAC7-EE0F94668C75}.Debug|Any CPU.Build.0 = Debug|Any CPU
		{76F19C11-1BD6-4E96-BAC7-EE0F94668C75}.Release|Any CPU.ActiveCfg = Release|Any CPU
		{76F19C11-1BD6-4E96-BAC7-EE0F94668C75}.Release|Any CPU.Build.0 = Release|Any CPU
	EndGlobalSection
	GlobalSection(SolutionProperties) = preSolution
		HideSolutionNode = FALSE
	EndGlobalSection
	GlobalSection(NestedProjects) = preSolution
		{7A6B5910-3314-4955-9ADF-6E82CD991142} = {D1DD1302-C215-43A7-80B8-49DD5E4F93E4}
		{D1DD1302-C215-43A7-80B8-49DD5E4F93E4} = {DF53151C-4E89-4962-8034-D43F414CA90A}
		{7A648DE6-BE32-45AA-963B-3DE258EB3E46} = {DF53151C-4E89-4962-8034-D43F414CA90A}
		{47DE8D1B-14B6-451B-AD61-96F5FA987705} = {D1DD1302-C215-43A7-80B8-49DD5E4F93E4}
		{447E2A63-2D6B-4BC4-A13F-CA84F587AAEC} = {D1DD1302-C215-43A7-80B8-49DD5E4F93E4}
		{DF9D011B-6E5B-45A0-846F-BD2C417DEE20} = {D1DD1302-C215-43A7-80B8-49DD5E4F93E4}
		{F6CF858C-F205-449E-9504-6483204BF185} = {7A648DE6-BE32-45AA-963B-3DE258EB3E46}
		{0EA3E209-5608-408B-A33A-1C3F9D4ABD5A} = {7A648DE6-BE32-45AA-963B-3DE258EB3E46}
		{C3C84D68-3C61-405A-8A52-CA8D943A65F5} = {7A648DE6-BE32-45AA-963B-3DE258EB3E46}
		{76F19C11-1BD6-4E96-BAC7-EE0F94668C75} = {7A648DE6-BE32-45AA-963B-3DE258EB3E46}
	EndGlobalSection
	GlobalSection(ExtensibilityGlobals) = postSolution
		SolutionGuid = {535E4C97-DCD0-4BBB-B065-EC31EE258D18}
	EndGlobalSection
EndGlobal
